// !$*UTF8*$!
{
	archiveVersion = 1;
	classes = {
	};
	objectVersion = 77;
	objects = {

/* Begin PBXBuildFile section */
		9787E04C2E9DFEA000216708 /* FirebaseAnalytics in Frameworks */ = {isa = PBXBuildFile; productRef = 9787E04B2E9DFEA000216708 /* FirebaseAnalytics */; };
		9787E04E2E9DFEA000216708 /* FirebaseAuth in Frameworks */ = {isa = PBXBuildFile; productRef = 9787E04D2E9DFEA000216708 /* FirebaseAuth */; };
		9787E0502E9DFEA000216708 /* FirebaseCore in Frameworks */ = {isa = PBXBuildFile; productRef = 9787E04F2E9DFEA000216708 /* FirebaseCore */; };
		9787E0582E9E015F00216708 /* FirebaseStorage in Frameworks */ = {isa = PBXBuildFile; productRef = 9787E0572E9E015F00216708 /* FirebaseStorage */; };
		9787E05A2E9E02A900216708 /* FirebaseFirestore in Frameworks */ = {isa = PBXBuildFile; productRef = 9787E0592E9E02A900216708 /* FirebaseFirestore */; };
		9787E05C2E9E1FDC00216708 /* FirebaseFirestoreCombine-Community in Frameworks */ = {isa = PBXBuildFile; productRef = 9787E05B2E9E1FDC00216708 /* FirebaseFirestoreCombine-Community */; };
		9787E06F2E9E25FF00216708 /* FirebaseFunctions in Frameworks */ = {isa = PBXBuildFile; productRef = 9787E06E2E9E25FF00216708 /* FirebaseFunctions */; };
		9787E0712E9E25FF00216708 /* FirebaseFunctionsCombine-Community in Frameworks */ = {isa = PBXBuildFile; productRef = 9787E0702E9E25FF00216708 /* FirebaseFunctionsCombine-Community */; };
/* End PBXBuildFile section */

/* Begin PBXContainerItemProxy section */
		2855B40F2E95FEE10080B385 /* PBXContainerItemProxy */ = {
			isa = PBXContainerItemProxy;
			containerPortal = 2855B3F82E95FEE00080B385 /* Project object */;
			proxyType = 1;
			remoteGlobalIDString = 2855B3FF2E95FEE00080B385;
			remoteInfo = applixy;
		};
		2855B4192E95FEE10080B385 /* PBXContainerItemProxy */ = {
			isa = PBXContainerItemProxy;
			containerPortal = 2855B3F82E95FEE00080B385 /* Project object */;
			proxyType = 1;
			remoteGlobalIDString = 2855B3FF2E95FEE00080B385;
			remoteInfo = applixy;
		};
/* End PBXContainerItemProxy section */

/* Begin PBXFileReference section */
		2855B4002E95FEE00080B385 /* applixy.app */ = {isa = PBXFileReference; explicitFileType = wrapper.application; includeInIndex = 0; path = applixy.app; sourceTree = BUILT_PRODUCTS_DIR; };
		2855B40E2E95FEE10080B385 /* applixyTests.xctest */ = {isa = PBXFileReference; explicitFileType = wrapper.cfbundle; includeInIndex = 0; path = applixyTests.xctest; sourceTree = BUILT_PRODUCTS_DIR; };
		2855B4182E95FEE10080B385 /* applixyUITests.xctest */ = {isa = PBXFileReference; explicitFileType = wrapper.cfbundle; includeInIndex = 0; path = applixyUITests.xctest; sourceTree = BUILT_PRODUCTS_DIR; };
/* End PBXFileReference section */

/* Begin PBXFileSystemSynchronizedBuildFileExceptionSet section */
		9787E0552E9E00DD00216708 /* Exceptions for "applixy" folder in "applixyTests" target */ = {
			isa = PBXFileSystemSynchronizedBuildFileExceptionSet;
			membershipExceptions = (
				"GoogleService-Info.plist",
			);
			target = 2855B40D2E95FEE10080B385 /* applixyTests */;
		};
		9787E0562E9E00DD00216708 /* Exceptions for "applixy" folder in "applixyUITests" target */ = {
			isa = PBXFileSystemSynchronizedBuildFileExceptionSet;
			membershipExceptions = (
				"GoogleService-Info.plist",
			);
			target = 2855B4172E95FEE10080B385 /* applixyUITests */;
		};
/* End PBXFileSystemSynchronizedBuildFileExceptionSet section */

/* Begin PBXFileSystemSynchronizedRootGroup section */
		2855B4022E95FEE00080B385 /* applixy */ = {
			isa = PBXFileSystemSynchronizedRootGroup;
			exceptions = (
				9787E0552E9E00DD00216708 /* Exceptions for "applixy" folder in "applixyTests" target */,
				9787E0562E9E00DD00216708 /* Exceptions for "applixy" folder in "applixyUITests" target */,
			);
			path = applixy;
			sourceTree = "<group>";
		};
		2855B4112E95FEE10080B385 /* applixyTests */ = {
			isa = PBXFileSystemSynchronizedRootGroup;
			path = applixyTests;
			sourceTree = "<group>";
		};
		2855B41B2E95FEE10080B385 /* applixyUITests */ = {
			isa = PBXFileSystemSynchronizedRootGroup;
			path = applixyUITests;
			sourceTree = "<group>";
		};
/* End PBXFileSystemSynchronizedRootGroup section */

/* Begin PBXFrameworksBuildPhase section */
		2855B3FD2E95FEE00080B385 /* Frameworks */ = {
			isa = PBXFrameworksBuildPhase;
			buildActionMask = 2147483647;
			files = (
				9787E04C2E9DFEA000216708 /* FirebaseAnalytics in Frameworks */,
				9787E06F2E9E25FF00216708 /* FirebaseFunctions in Frameworks */,
				9787E0582E9E015F00216708 /* FirebaseStorage in Frameworks */,
				9787E0502E9DFEA000216708 /* FirebaseCore in Frameworks */,
				9787E05C2E9E1FDC00216708 /* FirebaseFirestoreCombine-Community in Frameworks */,
				9787E05A2E9E02A900216708 /* FirebaseFirestore in Frameworks */,
				9787E04E2E9DFEA000216708 /* FirebaseAuth in Frameworks */,
				9787E0712E9E25FF00216708 /* FirebaseFunctionsCombine-Community in Frameworks */,
			);
			runOnlyForDeploymentPostprocessing = 0;
		};
		2855B40B2E95FEE10080B385 /* Frameworks */ = {
			isa = PBXFrameworksBuildPhase;
			buildActionMask = 2147483647;
			files = (
			);
			runOnlyForDeploymentPostprocessing = 0;
		};
		2855B4152E95FEE10080B385 /* Frameworks */ = {
			isa = PBXFrameworksBuildPhase;
			buildActionMask = 2147483647;
			files = (
			);
			runOnlyForDeploymentPostprocessing = 0;
		};
/* End PBXFrameworksBuildPhase section */

/* Begin PBXGroup section */
		2855B3F72E95FEE00080B385 = {
			isa = PBXGroup;
			children = (
				2855B4022E95FEE00080B385 /* applixy */,
				2855B4112E95FEE10080B385 /* applixyTests */,
				2855B41B2E95FEE10080B385 /* applixyUITests */,
				2855B4012E95FEE00080B385 /* Products */,
			);
			sourceTree = "<group>";
		};
		2855B4012E95FEE00080B385 /* Products */ = {
			isa = PBXGroup;
			children = (
				2855B4002E95FEE00080B385 /* applixy.app */,
				2855B40E2E95FEE10080B385 /* applixyTests.xctest */,
				2855B4182E95FEE10080B385 /* applixyUITests.xctest */,
			);
			name = Products;
			sourceTree = "<group>";
		};
/* End PBXGroup section */

/* Begin PBXNativeTarget section */
		2855B3FF2E95FEE00080B385 /* applixy */ = {
			isa = PBXNativeTarget;
			buildConfigurationList = 2855B4222E95FEE10080B385 /* Build configuration list for PBXNativeTarget "applixy" */;
			buildPhases = (
				2855B3FC2E95FEE00080B385 /* Sources */,
				2855B3FD2E95FEE00080B385 /* Frameworks */,
				2855B3FE2E95FEE00080B385 /* Resources */,
			);
			buildRules = (
			);
			dependencies = (
			);
			fileSystemSynchronizedGroups = (
				2855B4022E95FEE00080B385 /* applixy */,
			);
			name = applixy;
			packageProductDependencies = (
				9787E04B2E9DFEA000216708 /* FirebaseAnalytics */,
				9787E04D2E9DFEA000216708 /* FirebaseAuth */,
				9787E04F2E9DFEA000216708 /* FirebaseCore */,
				9787E0572E9E015F00216708 /* FirebaseStorage */,
				9787E0592E9E02A900216708 /* FirebaseFirestore */,
				9787E05B2E9E1FDC00216708 /* FirebaseFirestoreCombine-Community */,
				9787E06E2E9E25FF00216708 /* FirebaseFunctions */,
				9787E0702E9E25FF00216708 /* FirebaseFunctionsCombine-Community */,
			);
			productName = applixy;
			productReference = 2855B4002E95FEE00080B385 /* applixy.app */;
			productType = "com.apple.product-type.application";
		};
		2855B40D2E95FEE10080B385 /* applixyTests */ = {
			isa = PBXNativeTarget;
			buildConfigurationList = 2855B4252E95FEE10080B385 /* Build configuration list for PBXNativeTarget "applixyTests" */;
			buildPhases = (
				2855B40A2E95FEE10080B385 /* Sources */,
				2855B40B2E95FEE10080B385 /* Frameworks */,
				2855B40C2E95FEE10080B385 /* Resources */,
			);
			buildRules = (
			);
			dependencies = (
				2855B4102E95FEE10080B385 /* PBXTargetDependency */,
			);
			fileSystemSynchronizedGroups = (
				2855B4112E95FEE10080B385 /* applixyTests */,
			);
			name = applixyTests;
			packageProductDependencies = (
			);
			productName = applixyTests;
			productReference = 2855B40E2E95FEE10080B385 /* applixyTests.xctest */;
			productType = "com.apple.product-type.bundle.unit-test";
		};
		2855B4172E95FEE10080B385 /* applixyUITests */ = {
			isa = PBXNativeTarget;
			buildConfigurationList = 2855B4282E95FEE10080B385 /* Build configuration list for PBXNativeTarget "applixyUITests" */;
			buildPhases = (
				2855B4142E95FEE10080B385 /* Sources */,
				2855B4152E95FEE10080B385 /* Frameworks */,
				2855B4162E95FEE10080B385 /* Resources */,
			);
			buildRules = (
			);
			dependencies = (
				2855B41A2E95FEE10080B385 /* PBXTargetDependency */,
			);
			fileSystemSynchronizedGroups = (
				2855B41B2E95FEE10080B385 /* applixyUITests */,
			);
			name = applixyUITests;
			packageProductDependencies = (
			);
			productName = applixyUITests;
			productReference = 2855B4182E95FEE10080B385 /* applixyUITests.xctest */;
			productType = "com.apple.product-type.bundle.ui-testing";
		};
/* End PBXNativeTarget section */

/* Begin PBXProject section */
		2855B3F82E95FEE00080B385 /* Project object */ = {
			isa = PBXProject;
			attributes = {
				BuildIndependentTargetsInParallel = 1;
				LastSwiftUpdateCheck = 1640;
				LastUpgradeCheck = 1640;
				TargetAttributes = {
					2855B3FF2E95FEE00080B385 = {
						CreatedOnToolsVersion = 16.4;
					};
					2855B40D2E95FEE10080B385 = {
						CreatedOnToolsVersion = 16.4;
						TestTargetID = 2855B3FF2E95FEE00080B385;
					};
					2855B4172E95FEE10080B385 = {
						CreatedOnToolsVersion = 16.4;
						TestTargetID = 2855B3FF2E95FEE00080B385;
					};
				};
			};
			buildConfigurationList = 2855B3FB2E95FEE00080B385 /* Build configuration list for PBXProject "applixy" */;
			developmentRegion = en;
			hasScannedForEncodings = 0;
			knownRegions = (
				en,
				Base,
			);
			mainGroup = 2855B3F72E95FEE00080B385;
			minimizedProjectReferenceProxies = 1;
			packageReferences = (
				9787E04A2E9DFEA000216708 /* XCRemoteSwiftPackageReference "firebase-ios-sdk" */,
			);
			preferredProjectObjectVersion = 77;
			productRefGroup = 2855B4012E95FEE00080B385 /* Products */;
			projectDirPath = "";
			projectRoot = "";
			targets = (
				2855B3FF2E95FEE00080B385 /* applixy */,
				2855B40D2E95FEE10080B385 /* applixyTests */,
				2855B4172E95FEE10080B385 /* applixyUITests */,
			);
		};
/* End PBXProject section */

/* Begin PBXResourcesBuildPhase section */
		2855B3FE2E95FEE00080B385 /* Resources */ = {
			isa = PBXResourcesBuildPhase;
			buildActionMask = 2147483647;
			files = (
			);
			runOnlyForDeploymentPostprocessing = 0;
		};
		2855B40C2E95FEE10080B385 /* Resources */ = {
			isa = PBXResourcesBuildPhase;
			buildActionMask = 2147483647;
			files = (
			);
			runOnlyForDeploymentPostprocessing = 0;
		};
		2855B4162E95FEE10080B385 /* Resources */ = {
			isa = PBXResourcesBuildPhase;
			buildActionMask = 2147483647;
			files = (
			);
			runOnlyForDeploymentPostprocessing = 0;
		};
/* End PBXResourcesBuildPhase section */

/* Begin PBXSourcesBuildPhase section */
		2855B3FC2E95FEE00080B385 /* Sources */ = {
			isa = PBXSourcesBuildPhase;
			buildActionMask = 2147483647;
			files = (
			);
			runOnlyForDeploymentPostprocessing = 0;
		};
		2855B40A2E95FEE10080B385 /* Sources */ = {
			isa = PBXSourcesBuildPhase;
			buildActionMask = 2147483647;
			files = (
			);
			runOnlyForDeploymentPostprocessing = 0;
		};
		2855B4142E95FEE10080B385 /* Sources */ = {
			isa = PBXSourcesBuildPhase;
			buildActionMask = 2147483647;
			files = (
			);
			runOnlyForDeploymentPostprocessing = 0;
		};
/* End PBXSourcesBuildPhase section */

/* Begin PBXTargetDependency section */
		2855B4102E95FEE10080B385 /* PBXTargetDependency */ = {
			isa = PBXTargetDependency;
			target = 2855B3FF2E95FEE00080B385 /* applixy */;
			targetProxy = 2855B40F2E95FEE10080B385 /* PBXContainerItemProxy */;
		};
		2855B41A2E95FEE10080B385 /* PBXTargetDependency */ = {
			isa = PBXTargetDependency;
			target = 2855B3FF2E95FEE00080B385 /* applixy */;
			targetProxy = 2855B4192E95FEE10080B385 /* PBXContainerItemProxy */;
		};
/* End PBXTargetDependency section */

/* Begin XCBuildConfiguration section */
		2855B4202E95FEE10080B385 /* Debug */ = {
			isa = XCBuildConfiguration;
			buildSettings = {
				ALWAYS_SEARCH_USER_PATHS = NO;
				ASSETCATALOG_COMPILER_GENERATE_SWIFT_ASSET_SYMBOL_EXTENSIONS = YES;
				CLANG_ANALYZER_NONNULL = YES;
				CLANG_ANALYZER_NUMBER_OBJECT_CONVERSION = YES_AGGRESSIVE;
				CLANG_CXX_LANGUAGE_STANDARD = "gnu++20";
				CLANG_ENABLE_MODULES = YES;
				CLANG_ENABLE_OBJC_ARC = YES;
				CLANG_ENABLE_OBJC_WEAK = YES;
				CLANG_WARN_BLOCK_CAPTURE_AUTORELEASING = YES;
				CLANG_WARN_BOOL_CONVERSION = YES;
				CLANG_WARN_COMMA = YES;
				CLANG_WARN_CONSTANT_CONVERSION = YES;
				CLANG_WARN_DEPRECATED_OBJC_IMPLEMENTATIONS = YES;
				CLANG_WARN_DIRECT_OBJC_ISA_USAGE = YES_ERROR;
				CLANG_WARN_DOCUMENTATION_COMMENTS = YES;
				CLANG_WARN_EMPTY_BODY = YES;
				CLANG_WARN_ENUM_CONVERSION = YES;
				CLANG_WARN_INFINITE_RECURSION = YES;
				CLANG_WARN_INT_CONVERSION = YES;
				CLANG_WARN_NON_LITERAL_NULL_CONVERSION = YES;
				CLANG_WARN_OBJC_IMPLICIT_RETAIN_SELF = YES;
				CLANG_WARN_OBJC_LITERAL_CONVERSION = YES;
				CLANG_WARN_OBJC_ROOT_CLASS = YES_ERROR;
				CLANG_WARN_QUOTED_INCLUDE_IN_FRAMEWORK_HEADER = YES;
				CLANG_WARN_RANGE_LOOP_ANALYSIS = YES;
				CLANG_WARN_STRICT_PROTOTYPES = YES;
				CLANG_WARN_SUSPICIOUS_MOVE = YES;
				CLANG_WARN_UNGUARDED_AVAILABILITY = YES_AGGRESSIVE;
				CLANG_WARN_UNREACHABLE_CODE = YES;
				CLANG_WARN__DUPLICATE_METHOD_MATCH = YES;
				COPY_PHASE_STRIP = NO;
				DEBUG_INFORMATION_FORMAT = dwarf;
				DEVELOPMENT_TEAM = VVFG554VMD;
				ENABLE_STRICT_OBJC_MSGSEND = YES;
				ENABLE_TESTABILITY = YES;
				ENABLE_USER_SCRIPT_SANDBOXING = YES;
				GCC_C_LANGUAGE_STANDARD = gnu17;
				GCC_DYNAMIC_NO_PIC = NO;
				GCC_NO_COMMON_BLOCKS = YES;
				GCC_OPTIMIZATION_LEVEL = 0;
				GCC_PREPROCESSOR_DEFINITIONS = (
					"DEBUG=1",
					"$(inherited)",
				);
				GCC_WARN_64_TO_32_BIT_CONVERSION = YES;
				GCC_WARN_ABOUT_RETURN_TYPE = YES_ERROR;
				GCC_WARN_UNDECLARED_SELECTOR = YES;
				GCC_WARN_UNINITIALIZED_AUTOS = YES_AGGRESSIVE;
				GCC_WARN_UNUSED_FUNCTION = YES;
				GCC_WARN_UNUSED_VARIABLE = YES;
				LOCALIZATION_PREFERS_STRING_CATALOGS = YES;
				MTL_ENABLE_DEBUG_INFO = INCLUDE_SOURCE;
				MTL_FAST_MATH = YES;
				ONLY_ACTIVE_ARCH = YES;
				SWIFT_ACTIVE_COMPILATION_CONDITIONS = "DEBUG $(inherited)";
				SWIFT_OPTIMIZATION_LEVEL = "-Onone";
			};
			name = Debug;
		};
		2855B4212E95FEE10080B385 /* Release */ = {
			isa = XCBuildConfiguration;
			buildSettings = {
				ALWAYS_SEARCH_USER_PATHS = NO;
				ASSETCATALOG_COMPILER_GENERATE_SWIFT_ASSET_SYMBOL_EXTENSIONS = YES;
				CLANG_ANALYZER_NONNULL = YES;
				CLANG_ANALYZER_NUMBER_OBJECT_CONVERSION = YES_AGGRESSIVE;
				CLANG_CXX_LANGUAGE_STANDARD = "gnu++20";
				CLANG_ENABLE_MODULES = YES;
				CLANG_ENABLE_OBJC_ARC = YES;
				CLANG_ENABLE_OBJC_WEAK = YES;
				CLANG_WARN_BLOCK_CAPTURE_AUTORELEASING = YES;
				CLANG_WARN_BOOL_CONVERSION = YES;
				CLANG_WARN_COMMA = YES;
				CLANG_WARN_CONSTANT_CONVERSION = YES;
				CLANG_WARN_DEPRECATED_OBJC_IMPLEMENTATIONS = YES;
				CLANG_WARN_DIRECT_OBJC_ISA_USAGE = YES_ERROR;
				CLANG_WARN_DOCUMENTATION_COMMENTS = YES;
				CLANG_WARN_EMPTY_BODY = YES;
				CLANG_WARN_ENUM_CONVERSION = YES;
				CLANG_WARN_INFINITE_RECURSION = YES;
				CLANG_WARN_INT_CONVERSION = YES;
				CLANG_WARN_NON_LITERAL_NULL_CONVERSION = YES;
				CLANG_WARN_OBJC_IMPLICIT_RETAIN_SELF = YES;
				CLANG_WARN_OBJC_LITERAL_CONVERSION = YES;
				CLANG_WARN_OBJC_ROOT_CLASS = YES_ERROR;
				CLANG_WARN_QUOTED_INCLUDE_IN_FRAMEWORK_HEADER = YES;
				CLANG_WARN_RANGE_LOOP_ANALYSIS = YES;
				CLANG_WARN_STRICT_PROTOTYPES = YES;
				CLANG_WARN_SUSPICIOUS_MOVE = YES;
				CLANG_WARN_UNGUARDED_AVAILABILITY = YES_AGGRESSIVE;
				CLANG_WARN_UNREACHABLE_CODE = YES;
				CLANG_WARN__DUPLICATE_METHOD_MATCH = YES;
				COPY_PHASE_STRIP = NO;
				DEBUG_INFORMATION_FORMAT = "dwarf-with-dsym";
				DEVELOPMENT_TEAM = VVFG554VMD;
				ENABLE_NS_ASSERTIONS = NO;
				ENABLE_STRICT_OBJC_MSGSEND = YES;
				ENABLE_USER_SCRIPT_SANDBOXING = YES;
				GCC_C_LANGUAGE_STANDARD = gnu17;
				GCC_NO_COMMON_BLOCKS = YES;
				GCC_WARN_64_TO_32_BIT_CONVERSION = YES;
				GCC_WARN_ABOUT_RETURN_TYPE = YES_ERROR;
				GCC_WARN_UNDECLARED_SELECTOR = YES;
				GCC_WARN_UNINITIALIZED_AUTOS = YES_AGGRESSIVE;
				GCC_WARN_UNUSED_FUNCTION = YES;
				GCC_WARN_UNUSED_VARIABLE = YES;
				LOCALIZATION_PREFERS_STRING_CATALOGS = YES;
				MTL_ENABLE_DEBUG_INFO = NO;
				MTL_FAST_MATH = YES;
				SWIFT_COMPILATION_MODE = wholemodule;
			};
			name = Release;
		};
		2855B4232E95FEE10080B385 /* Debug */ = {
			isa = XCBuildConfiguration;
			buildSettings = {
				ASSETCATALOG_COMPILER_APPICON_NAME = AppIcon;
				ASSETCATALOG_COMPILER_GLOBAL_ACCENT_COLOR_NAME = AccentColor;
				CODE_SIGN_ENTITLEMENTS = applixy/applixy.entitlements;
				CODE_SIGN_STYLE = Automatic;
				CURRENT_PROJECT_VERSION = 1;
				DEVELOPMENT_TEAM = V4G7W23N3Y;
				ENABLE_HARDENED_RUNTIME = YES;
				ENABLE_PREVIEWS = YES;
				GENERATE_INFOPLIST_FILE = YES;
				"INFOPLIST_KEY_UIApplicationSceneManifest_Generation[sdk=iphoneos*]" = YES;
				"INFOPLIST_KEY_UIApplicationSceneManifest_Generation[sdk=iphonesimulator*]" = YES;
				"INFOPLIST_KEY_UIApplicationSupportsIndirectInputEvents[sdk=iphoneos*]" = YES;
				"INFOPLIST_KEY_UIApplicationSupportsIndirectInputEvents[sdk=iphonesimulator*]" = YES;
				"INFOPLIST_KEY_UILaunchScreen_Generation[sdk=iphoneos*]" = YES;
				"INFOPLIST_KEY_UILaunchScreen_Generation[sdk=iphonesimulator*]" = YES;
				"INFOPLIST_KEY_UIStatusBarStyle[sdk=iphoneos*]" = UIStatusBarStyleDefault;
				"INFOPLIST_KEY_UIStatusBarStyle[sdk=iphonesimulator*]" = UIStatusBarStyleDefault;
				INFOPLIST_KEY_UISupportedInterfaceOrientations_iPad = "UIInterfaceOrientationPortrait UIInterfaceOrientationPortraitUpsideDown UIInterfaceOrientationLandscapeLeft UIInterfaceOrientationLandscapeRight";
				INFOPLIST_KEY_UISupportedInterfaceOrientations_iPhone = "UIInterfaceOrientationPortrait UIInterfaceOrientationLandscapeLeft UIInterfaceOrientationLandscapeRight";
				IPHONEOS_DEPLOYMENT_TARGET = 18.5;
				LD_RUNPATH_SEARCH_PATHS = "@executable_path/Frameworks";
				"LD_RUNPATH_SEARCH_PATHS[sdk=macosx*]" = "@executable_path/../Frameworks";
				MACOSX_DEPLOYMENT_TARGET = 15.5;
				MARKETING_VERSION = 1.0;
				PRODUCT_BUNDLE_IDENTIFIER = com.IYA.Parissa.applixy;
				PRODUCT_NAME = "$(TARGET_NAME)";
				REGISTER_APP_GROUPS = YES;
				SDKROOT = auto;
				SUPPORTED_PLATFORMS = "iphoneos iphonesimulator macosx xros xrsimulator";
				SWIFT_EMIT_LOC_STRINGS = YES;
				SWIFT_VERSION = 5.0;
				TARGETED_DEVICE_FAMILY = "1,2,7";
				XROS_DEPLOYMENT_TARGET = 2.5;
			};
			name = Debug;
		};
		2855B4242E95FEE10080B385 /* Release */ = {
			isa = XCBuildConfiguration;
			buildSettings = {
				ASSETCATALOG_COMPILER_APPICON_NAME = AppIcon;
				ASSETCATALOG_COMPILER_GLOBAL_ACCENT_COLOR_NAME = AccentColor;
				CODE_SIGN_ENTITLEMENTS = applixy/applixy.entitlements;
				CODE_SIGN_STYLE = Automatic;
				CURRENT_PROJECT_VERSION = 1;
				DEVELOPMENT_TEAM = V4G7W23N3Y;
				ENABLE_HARDENED_RUNTIME = YES;
				ENABLE_PREVIEWS = YES;
				GENERATE_INFOPLIST_FILE = YES;
				"INFOPLIST_KEY_UIApplicationSceneManifest_Generation[sdk=iphoneos*]" = YES;
				"INFOPLIST_KEY_UIApplicationSceneManifest_Generation[sdk=iphonesimulator*]" = YES;
				"INFOPLIST_KEY_UIApplicationSupportsIndirectInputEvents[sdk=iphoneos*]" = YES;
				"INFOPLIST_KEY_UIApplicationSupportsIndirectInputEvents[sdk=iphonesimulator*]" = YES;
				"INFOPLIST_KEY_UILaunchScreen_Generation[sdk=iphoneos*]" = YES;
				"INFOPLIST_KEY_UILaunchScreen_Generation[sdk=iphonesimulator*]" = YES;
				"INFOPLIST_KEY_UIStatusBarStyle[sdk=iphoneos*]" = UIStatusBarStyleDefault;
				"INFOPLIST_KEY_UIStatusBarStyle[sdk=iphonesimulator*]" = UIStatusBarStyleDefault;
				INFOPLIST_KEY_UISupportedInterfaceOrientations_iPad = "UIInterfaceOrientationPortrait UIInterfaceOrientationPortraitUpsideDown UIInterfaceOrientationLandscapeLeft UIInterfaceOrientationLandscapeRight";
				INFOPLIST_KEY_UISupportedInterfaceOrientations_iPhone = "UIInterfaceOrientationPortrait UIInterfaceOrientationLandscapeLeft UIInterfaceOrientationLandscapeRight";
				IPHONEOS_DEPLOYMENT_TARGET = 18.5;
				LD_RUNPATH_SEARCH_PATHS = "@executable_path/Frameworks";
				"LD_RUNPATH_SEARCH_PATHS[sdk=macosx*]" = "@executable_path/../Frameworks";
				MACOSX_DEPLOYMENT_TARGET = 15.5;
				MARKETING_VERSION = 1.0;
				PRODUCT_BUNDLE_IDENTIFIER = com.IYA.Parissa.applixy;
				PRODUCT_NAME = "$(TARGET_NAME)";
				REGISTER_APP_GROUPS = YES;
				SDKROOT = auto;
				SUPPORTED_PLATFORMS = "iphoneos iphonesimulator macosx xros xrsimulator";
				SWIFT_EMIT_LOC_STRINGS = YES;
				SWIFT_VERSION = 5.0;
				TARGETED_DEVICE_FAMILY = "1,2,7";
				XROS_DEPLOYMENT_TARGET = 2.5;
			};
			name = Release;
		};
		2855B4262E95FEE10080B385 /* Debug */ = {
			isa = XCBuildConfiguration;
			buildSettings = {
				BUNDLE_LOADER = "$(TEST_HOST)";
				CODE_SIGN_STYLE = Automatic;
				CURRENT_PROJECT_VERSION = 1;
				DEVELOPMENT_TEAM = VVFG554VMD;
				GENERATE_INFOPLIST_FILE = YES;
				IPHONEOS_DEPLOYMENT_TARGET = 18.5;
				MACOSX_DEPLOYMENT_TARGET = 15.5;
				MARKETING_VERSION = 1.0;
				PRODUCT_BUNDLE_IDENTIFIER = com.IYA.Sinchana.applixyTests;
				PRODUCT_NAME = "$(TARGET_NAME)";
				SDKROOT = auto;
				SUPPORTED_PLATFORMS = "iphoneos iphonesimulator macosx xros xrsimulator";
				SWIFT_EMIT_LOC_STRINGS = NO;
				SWIFT_VERSION = 5.0;
				TARGETED_DEVICE_FAMILY = "1,2,7";
				TEST_HOST = "$(BUILT_PRODUCTS_DIR)/applixy.app/$(BUNDLE_EXECUTABLE_FOLDER_PATH)/applixy";
				XROS_DEPLOYMENT_TARGET = 2.5;
			};
			name = Debug;
		};
		2855B4272E95FEE10080B385 /* Release */ = {
			isa = XCBuildConfiguration;
			buildSettings = {
				BUNDLE_LOADER = "$(TEST_HOST)";
				CODE_SIGN_STYLE = Automatic;
				CURRENT_PROJECT_VERSION = 1;
				DEVELOPMENT_TEAM = VVFG554VMD;
				GENERATE_INFOPLIST_FILE = YES;
				IPHONEOS_DEPLOYMENT_TARGET = 18.5;
				MACOSX_DEPLOYMENT_TARGET = 15.5;
				MARKETING_VERSION = 1.0;
				PRODUCT_BUNDLE_IDENTIFIER = com.IYA.Sinchana.applixyTests;
				PRODUCT_NAME = "$(TARGET_NAME)";
				SDKROOT = auto;
				SUPPORTED_PLATFORMS = "iphoneos iphonesimulator macosx xros xrsimulator";
				SWIFT_EMIT_LOC_STRINGS = NO;
				SWIFT_VERSION = 5.0;
				TARGETED_DEVICE_FAMILY = "1,2,7";
				TEST_HOST = "$(BUILT_PRODUCTS_DIR)/applixy.app/$(BUNDLE_EXECUTABLE_FOLDER_PATH)/applixy";
				XROS_DEPLOYMENT_TARGET = 2.5;
			};
			name = Release;
		};
		2855B4292E95FEE10080B385 /* Debug */ = {
			isa = XCBuildConfiguration;
			buildSettings = {
				CODE_SIGN_STYLE = Automatic;
				CURRENT_PROJECT_VERSION = 1;
				DEVELOPMENT_TEAM = VVFG554VMD;
				GENERATE_INFOPLIST_FILE = YES;
				IPHONEOS_DEPLOYMENT_TARGET = 18.5;
				MACOSX_DEPLOYMENT_TARGET = 15.5;
				MARKETING_VERSION = 1.0;
				PRODUCT_BUNDLE_IDENTIFIER = com.IYA.Sinchana.applixyUITests;
				PRODUCT_NAME = "$(TARGET_NAME)";
				SDKROOT = auto;
				SUPPORTED_PLATFORMS = "iphoneos iphonesimulator macosx xros xrsimulator";
				SWIFT_EMIT_LOC_STRINGS = NO;
				SWIFT_VERSION = 5.0;
				TARGETED_DEVICE_FAMILY = "1,2,7";
				TEST_TARGET_NAME = applixy;
				XROS_DEPLOYMENT_TARGET = 2.5;
			};
			name = Debug;
		};
		2855B42A2E95FEE10080B385 /* Release */ = {
			isa = XCBuildConfiguration;
			buildSettings = {
				CODE_SIGN_STYLE = Automatic;
				CURRENT_PROJECT_VERSION = 1;
				DEVELOPMENT_TEAM = VVFG554VMD;
				GENERATE_INFOPLIST_FILE = YES;
				IPHONEOS_DEPLOYMENT_TARGET = 18.5;
				MACOSX_DEPLOYMENT_TARGET = 15.5;
				MARKETING_VERSION = 1.0;
				PRODUCT_BUNDLE_IDENTIFIER = com.IYA.Sinchana.applixyUITests;
				PRODUCT_NAME = "$(TARGET_NAME)";
				SDKROOT = auto;
				SUPPORTED_PLATFORMS = "iphoneos iphonesimulator macosx xros xrsimulator";
				SWIFT_EMIT_LOC_STRINGS = NO;
				SWIFT_VERSION = 5.0;
				TARGETED_DEVICE_FAMILY = "1,2,7";
				TEST_TARGET_NAME = applixy;
				XROS_DEPLOYMENT_TARGET = 2.5;
			};
			name = Release;
		};
/* End XCBuildConfiguration section */

/* Begin XCConfigurationList section */
		2855B3FB2E95FEE00080B385 /* Build configuration list for PBXProject "applixy" */ = {
			isa = XCConfigurationList;
			buildConfigurations = (
				2855B4202E95FEE10080B385 /* Debug */,
				2855B4212E95FEE10080B385 /* Release */,
			);
			defaultConfigurationIsVisible = 0;
			defaultConfigurationName = Release;
		};
		2855B4222E95FEE10080B385 /* Build configuration list for PBXNativeTarget "applixy" */ = {
			isa = XCConfigurationList;
			buildConfigurations = (
				2855B4232E95FEE10080B385 /* Debug */,
				2855B4242E95FEE10080B385 /* Release */,
			);
			defaultConfigurationIsVisible = 0;
			defaultConfigurationName = Release;
		};
		2855B4252E95FEE10080B385 /* Build configuration list for PBXNativeTarget "applixyTests" */ = {
			isa = XCConfigurationList;
			buildConfigurations = (
				2855B4262E95FEE10080B385 /* Debug */,
				2855B4272E95FEE10080B385 /* Release */,
			);
			defaultConfigurationIsVisible = 0;
			defaultConfigurationName = Release;
		};
		2855B4282E95FEE10080B385 /* Build configuration list for PBXNativeTarget "applixyUITests" */ = {
			isa = XCConfigurationList;
			buildConfigurations = (
				2855B4292E95FEE10080B385 /* Debug */,
				2855B42A2E95FEE10080B385 /* Release */,
			);
			defaultConfigurationIsVisible = 0;
			defaultConfigurationName = Release;
		};
/* End XCConfigurationList section */

/* Begin XCRemoteSwiftPackageReference section */
		9787E04A2E9DFEA000216708 /* XCRemoteSwiftPackageReference "firebase-ios-sdk" */ = {
			isa = XCRemoteSwiftPackageReference;
			repositoryURL = "https://github.com/firebase/firebase-ios-sdk";
			requirement = {
				kind = upToNextMajorVersion;
				minimumVersion = 12.4.0;
			};
		};
/* End XCRemoteSwiftPackageReference section */

/* Begin XCSwiftPackageProductDependency section */
		9787E04B2E9DFEA000216708 /* FirebaseAnalytics */ = {
			isa = XCSwiftPackageProductDependency;
			package = 9787E04A2E9DFEA000216708 /* XCRemoteSwiftPackageReference "firebase-ios-sdk" */;
			productName = FirebaseAnalytics;
		};
		9787E04D2E9DFEA000216708 /* FirebaseAuth */ = {
			isa = XCSwiftPackageProductDependency;
			package = 9787E04A2E9DFEA000216708 /* XCRemoteSwiftPackageReference "firebase-ios-sdk" */;
			productName = FirebaseAuth;
		};
		9787E04F2E9DFEA000216708 /* FirebaseCore */ = {
			isa = XCSwiftPackageProductDependency;
			package = 9787E04A2E9DFEA000216708 /* XCRemoteSwiftPackageReference "firebase-ios-sdk" */;
			productName = FirebaseCore;
		};
		9787E0572E9E015F00216708 /* FirebaseStorage */ = {
			isa = XCSwiftPackageProductDependency;
			package = 9787E04A2E9DFEA000216708 /* XCRemoteSwiftPackageReference "firebase-ios-sdk" */;
			productName = FirebaseStorage;
		};
		9787E0592E9E02A900216708 /* FirebaseFirestore */ = {
			isa = XCSwiftPackageProductDependency;
			package = 9787E04A2E9DFEA000216708 /* XCRemoteSwiftPackageReference "firebase-ios-sdk" */;
			productName = FirebaseFirestore;
		};
		9787E05B2E9E1FDC00216708 /* FirebaseFirestoreCombine-Community */ = {
			isa = XCSwiftPackageProductDependency;
			package = 9787E04A2E9DFEA000216708 /* XCRemoteSwiftPackageReference "firebase-ios-sdk" */;
			productName = "FirebaseFirestoreCombine-Community";
		};
		9787E06E2E9E25FF00216708 /* FirebaseFunctions */ = {
			isa = XCSwiftPackageProductDependency;
			package = 9787E04A2E9DFEA000216708 /* XCRemoteSwiftPackageReference "firebase-ios-sdk" */;
			productName = FirebaseFunctions;
		};
		9787E0702E9E25FF00216708 /* FirebaseFunctionsCombine-Community */ = {
			isa = XCSwiftPackageProductDependency;
			package = 9787E04A2E9DFEA000216708 /* XCRemoteSwiftPackageReference "firebase-ios-sdk" */;
			productName = "FirebaseFunctionsCombine-Community";
		};
/* End XCSwiftPackageProductDependency section */
	};
	rootObject = 2855B3F82E95FEE00080B385 /* Project object */;
}
